PODS:
  - Kingfisher (4.2.0)
  - MBProgressHUD (1.0.0)
  - OHHTTPStubs (6.0.0):
    - OHHTTPStubs/Default (= 6.0.0)
  - OHHTTPStubs/Core (6.0.0)
  - OHHTTPStubs/Default (6.0.0):
    - OHHTTPStubs/Core
    - OHHTTPStubs/JSON
    - OHHTTPStubs/NSURLSession
    - OHHTTPStubs/OHPathHelpers
  - OHHTTPStubs/JSON (6.0.0):
    - OHHTTPStubs/Core
  - OHHTTPStubs/NSURLSession (6.0.0):
    - OHHTTPStubs/Core
  - OHHTTPStubs/OHPathHelpers (6.0.0)

DEPENDENCIES:
  - Kingfisher (~> 4.2)
  - MBProgressHUD (~> 1.0)
  - OHHTTPStubs (~> 6.0)

SPEC CHECKSUMS:
  Kingfisher: 9ee7e788d8ba07c3f21ce0d43f33cec310a4f781
  MBProgressHUD: 4890f671c94e8a0f3cf959aa731e9de2f036d71a
  OHHTTPStubs: 752f9b11fd810a15162d50f11c06ff94f8e012eb

PODFILE CHECKSUM: dd5dc730fcd36f9d93593c150373aaa18e049ad6

COCOAPODS: 1.1.1
